
Microsoft Visual Studio Solution File, Format Version 12.00
# Visual Studio Version 16
VisualStudioVersion = 16.0.30114.105
MinimumVisualStudioVersion = 10.0.40219.1
Project("{9A19103F-16F7-4668-BE54-9A1E7A4F7556}") = "Console.UI", "Console.UI\Console.UI.csproj", "{5F748295-9094-4FF7-8BE4-9CAD2BF04A51}"
EndProject
Project("{9A19103F-16F7-4668-BE54-9A1E7A4F7556}") = "Test_Project", "Test_Project\Test_Project.csproj", "{00BC731B-9CDF-486A-B0AE-65E4555B7C84}"
EndProject
Project("{9A19103F-16F7-4668-BE54-9A1E7A4F7556}") = "Basic_DataStructures", "..\Topics\Basic_DataStructures\Basic_DataStructures.csproj", "{04BD68B5-1EEF-49B7-B3B7-10ED4202870B}"
EndProject
Project("{9A19103F-16F7-4668-BE54-9A1E7A4F7556}") = "Conditionals", "..\Topics\Conditionals\Conditionals.csproj", "{3724BF44-6CA3-457F-B71A-C6715667365F}"
EndProject
Project("{9A19103F-16F7-4668-BE54-9A1E7A4F7556}") = "Generics", "..\Topics\Generics\Generics.csproj", "{8D529FC5-5512-48C6-B640-3CBE0A9650E7}"
EndProject
Project("{9A19103F-16F7-4668-BE54-9A1E7A4F7556}") = "Inheritance", "..\Topics\Inheritance\Inheritance.csproj", "{F3859DD6-4836-4A33-8D41-21E03B00A163}"
EndProject
Project("{9A19103F-16F7-4668-BE54-9A1E7A4F7556}") = "Loops", "..\Topics\Loops\Loops.csproj", "{B523E17B-E372-4EF5-A353-CDD931060E33}"
EndProject
Project("{9A19103F-16F7-4668-BE54-9A1E7A4F7556}") = "Recursion", "..\Topics\Recursion\Recursion.csproj", "{3DD4BA5E-9F1F-43E1-B199-EB80B8E22941}"
EndProject
Project("{9A19103F-16F7-4668-BE54-9A1E7A4F7556}") = "Trees", "..\Topics\Trees\Trees.csproj", "{8D336B4E-5541-4F2B-BA62-C6E9BED7F05B}"
EndProject
Global
	GlobalSection(SolutionConfigurationPlatforms) = preSolution
		Debug|Any CPU = Debug|Any CPU
		Debug|x64 = Debug|x64
		Debug|x86 = Debug|x86
		Release|Any CPU = Release|Any CPU
		Release|x64 = Release|x64
		Release|x86 = Release|x86
	EndGlobalSection
	GlobalSection(ProjectConfigurationPlatforms) = postSolution
		{5F748295-9094-4FF7-8BE4-9CAD2BF04A51}.Debug|Any CPU.ActiveCfg = Debug|Any CPU
		{5F748295-9094-4FF7-8BE4-9CAD2BF04A51}.Debug|Any CPU.Build.0 = Debug|Any CPU
		{5F748295-9094-4FF7-8BE4-9CAD2BF04A51}.Debug|x64.ActiveCfg = Debug|Any CPU
		{5F748295-9094-4FF7-8BE4-9CAD2BF04A51}.Debug|x64.Build.0 = Debug|Any CPU
		{5F748295-9094-4FF7-8BE4-9CAD2BF04A51}.Debug|x86.ActiveCfg = Debug|Any CPU
		{5F748295-9094-4FF7-8BE4-9CAD2BF04A51}.Debug|x86.Build.0 = Debug|Any CPU
		{5F748295-9094-4FF7-8BE4-9CAD2BF04A51}.Release|Any CPU.ActiveCfg = Release|Any CPU
		{5F748295-9094-4FF7-8BE4-9CAD2BF04A51}.Release|Any CPU.Build.0 = Release|Any CPU
		{5F748295-9094-4FF7-8BE4-9CAD2BF04A51}.Release|x64.ActiveCfg = Release|Any CPU
		{5F748295-9094-4FF7-8BE4-9CAD2BF04A51}.Release|x64.Build.0 = Release|Any CPU
		{5F748295-9094-4FF7-8BE4-9CAD2BF04A51}.Release|x86.ActiveCfg = Release|Any CPU
		{5F748295-9094-4FF7-8BE4-9CAD2BF04A51}.Release|x86.Build.0 = Release|Any CPU
		{00BC731B-9CDF-486A-B0AE-65E4555B7C84}.Debug|Any CPU.ActiveCfg = Debug|Any CPU
		{00BC731B-9CDF-486A-B0AE-65E4555B7C84}.Debug|Any CPU.Build.0 = Debug|Any CPU
		{00BC731B-9CDF-486A-B0AE-65E4555B7C84}.Debug|x64.ActiveCfg = Debug|Any CPU
		{00BC731B-9CDF-486A-B0AE-65E4555B7C84}.Debug|x64.Build.0 = Debug|Any CPU
		{00BC731B-9CDF-486A-B0AE-65E4555B7C84}.Debug|x86.ActiveCfg = Debug|Any CPU
		{00BC731B-9CDF-486A-B0AE-65E4555B7C84}.Debug|x86.Build.0 = Debug|Any CPU
		{00BC731B-9CDF-486A-B0AE-65E4555B7C84}.Release|Any CPU.ActiveCfg = Release|Any CPU
		{00BC731B-9CDF-486A-B0AE-65E4555B7C84}.Release|Any CPU.Build.0 = Release|Any CPU
		{00BC731B-9CDF-486A-B0AE-65E4555B7C84}.Release|x64.ActiveCfg = Release|Any CPU
		{00BC731B-9CDF-486A-B0AE-65E4555B7C84}.Release|x64.Build.0 = Release|Any CPU
		{00BC731B-9CDF-486A-B0AE-65E4555B7C84}.Release|x86.ActiveCfg = Release|Any CPU
		{00BC731B-9CDF-486A-B0AE-65E4555B7C84}.Release|x86.Build.0 = Release|Any CPU
		{04BD68B5-1EEF-49B7-B3B7-10ED4202870B}.Debug|Any CPU.ActiveCfg = Debug|Any CPU
		{04BD68B5-1EEF-49B7-B3B7-10ED4202870B}.Debug|Any CPU.Build.0 = Debug|Any CPU
		{04BD68B5-1EEF-49B7-B3B7-10ED4202870B}.Debug|x64.ActiveCfg = Debug|Any CPU
		{04BD68B5-1EEF-49B7-B3B7-10ED4202870B}.Debug|x64.Build.0 = Debug|Any CPU
		{04BD68B5-1EEF-49B7-B3B7-10ED4202870B}.Debug|x86.ActiveCfg = Debug|Any CPU
		{04BD68B5-1EEF-49B7-B3B7-10ED4202870B}.Debug|x86.Build.0 = Debug|Any CPU
		{04BD68B5-1EEF-49B7-B3B7-10ED4202870B}.Release|Any CPU.ActiveCfg = Release|Any CPU
		{04BD68B5-1EEF-49B7-B3B7-10ED4202870B}.Release|Any CPU.Build.0 = Release|Any CPU
		{04BD68B5-1EEF-49B7-B3B7-10ED4202870B}.Release|x64.ActiveCfg = Release|Any CPU
		{04BD68B5-1EEF-49B7-B3B7-10ED4202870B}.Release|x64.Build.0 = Release|Any CPU
		{04BD68B5-1EEF-49B7-B3B7-10ED4202870B}.Release|x86.ActiveCfg = Release|Any CPU
		{04BD68B5-1EEF-49B7-B3B7-10ED4202870B}.Release|x86.Build.0 = Release|Any CPU
		{3724BF44-6CA3-457F-B71A-C6715667365F}.Debug|Any CPU.ActiveCfg = Debug|Any CPU
		{3724BF44-6CA3-457F-B71A-C6715667365F}.Debug|Any CPU.Build.0 = Debug|Any CPU
		{3724BF44-6CA3-457F-B71A-C6715667365F}.Debug|x64.ActiveCfg = Debug|Any CPU
		{3724BF44-6CA3-457F-B71A-C6715667365F}.Debug|x64.Build.0 = Debug|Any CPU
		{3724BF44-6CA3-457F-B71A-C6715667365F}.Debug|x86.ActiveCfg = Debug|Any CPU
		{3724BF44-6CA3-457F-B71A-C6715667365F}.Debug|x86.Build.0 = Debug|Any CPU
		{3724BF44-6CA3-457F-B71A-C6715667365F}.Release|Any CPU.ActiveCfg = Release|Any CPU
		{3724BF44-6CA3-457F-B71A-C6715667365F}.Release|Any CPU.Build.0 = Release|Any CPU
		{3724BF44-6CA3-457F-B71A-C6715667365F}.Release|x64.ActiveCfg = Release|Any CPU
		{3724BF44-6CA3-457F-B71A-C6715667365F}.Release|x64.Build.0 = Release|Any CPU
		{3724BF44-6CA3-457F-B71A-C6715667365F}.Release|x86.ActiveCfg = Release|Any CPU
		{3724BF44-6CA3-457F-B71A-C6715667365F}.Release|x86.Build.0 = Release|Any CPU
		{8D529FC5-5512-48C6-B640-3CBE0A9650E7}.Debug|Any CPU.ActiveCfg = Debug|Any CPU
		{8D529FC5-5512-48C6-B640-3CBE0A9650E7}.Debug|Any CPU.Build.0 = Debug|Any CPU
		{8D529FC5-5512-48C6-B640-3CBE0A9650E7}.Debug|x64.ActiveCfg = Debug|Any CPU
		{8D529FC5-5512-48C6-B640-3CBE0A9650E7}.Debug|x64.Build.0 = Debug|Any CPU
		{8D529FC5-5512-48C6-B640-3CBE0A9650E7}.Debug|x86.ActiveCfg = Debug|Any CPU
		{8D529FC5-5512-48C6-B640-3CBE0A9650E7}.Debug|x86.Build.0 = Debug|Any CPU
		{8D529FC5-5512-48C6-B640-3CBE0A9650E7}.Release|Any CPU.ActiveCfg = Release|Any CPU
		{8D529FC5-5512-48C6-B640-3CBE0A9650E7}.Release|Any CPU.Build.0 = Release|Any CPU
		{8D529FC5-5512-48C6-B640-3CBE0A9650E7}.Release|x64.ActiveCfg = Release|Any CPU
		{8D529FC5-5512-48C6-B640-3CBE0A9650E7}.Release|x64.Build.0 = Release|Any CPU
		{8D529FC5-5512-48C6-B640-3CBE0A9650E7}.Release|x86.ActiveCfg = Release|Any CPU
		{8D529FC5-5512-48C6-B640-3CBE0A9650E7}.Release|x86.Build.0 = Release|Any CPU
		{F3859DD6-4836-4A33-8D41-21E03B00A163}.Debug|Any CPU.ActiveCfg = Debug|Any CPU
		{F3859DD6-4836-4A33-8D41-21E03B00A163}.Debug|Any CPU.Build.0 = Debug|Any CPU
		{F3859DD6-4836-4A33-8D41-21E03B00A163}.Debug|x64.ActiveCfg = Debug|Any CPU
		{F3859DD6-4836-4A33-8D41-21E03B00A163}.Debug|x64.Build.0 = Debug|Any CPU
		{F3859DD6-4836-4A33-8D41-21E03B00A163}.Debug|x86.ActiveCfg = Debug|Any CPU
		{F3859DD6-4836-4A33-8D41-21E03B00A163}.Debug|x86.Build.0 = Debug|Any CPU
		{F3859DD6-4836-4A33-8D41-21E03B00A163}.Release|Any CPU.ActiveCfg = Release|Any CPU
		{F3859DD6-4836-4A33-8D41-21E03B00A163}.Release|Any CPU.Build.0 = Release|Any CPU
		{F3859DD6-4836-4A33-8D41-21E03B00A163}.Release|x64.ActiveCfg = Release|Any CPU
		{F3859DD6-4836-4A33-8D41-21E03B00A163}.Release|x64.Build.0 = Release|Any CPU
		{F3859DD6-4836-4A33-8D41-21E03B00A163}.Release|x86.ActiveCfg = Release|Any CPU
		{F3859DD6-4836-4A33-8D41-21E03B00A163}.Release|x86.Build.0 = Release|Any CPU
		{B523E17B-E372-4EF5-A353-CDD931060E33}.Debug|Any CPU.ActiveCfg = Debug|Any CPU
		{B523E17B-E372-4EF5-A353-CDD931060E33}.Debug|Any CPU.Build.0 = Debug|Any CPU
		{B523E17B-E372-4EF5-A353-CDD931060E33}.Debug|x64.ActiveCfg = Debug|Any CPU
		{B523E17B-E372-4EF5-A353-CDD931060E33}.Debug|x64.Build.0 = Debug|Any CPU
		{B523E17B-E372-4EF5-A353-CDD931060E33}.Debug|x86.ActiveCfg = Debug|Any CPU
		{B523E17B-E372-4EF5-A353-CDD931060E33}.Debug|x86.Build.0 = Debug|Any CPU
		{B523E17B-E372-4EF5-A353-CDD931060E33}.Release|Any CPU.ActiveCfg = Release|Any CPU
		{B523E17B-E372-4EF5-A353-CDD931060E33}.Release|Any CPU.Build.0 = Release|Any CPU
		{B523E17B-E372-4EF5-A353-CDD931060E33}.Release|x64.ActiveCfg = Release|Any CPU
		{B523E17B-E372-4EF5-A353-CDD931060E33}.Release|x64.Build.0 = Release|Any CPU
		{B523E17B-E372-4EF5-A353-CDD931060E33}.Release|x86.ActiveCfg = Release|Any CPU
		{B523E17B-E372-4EF5-A353-CDD931060E33}.Release|x86.Build.0 = Release|Any CPU
		{3DD4BA5E-9F1F-43E1-B199-EB80B8E22941}.Debug|Any CPU.ActiveCfg = Debug|Any CPU
		{3DD4BA5E-9F1F-43E1-B199-EB80B8E22941}.Debug|Any CPU.Build.0 = Debug|Any CPU
		{3DD4BA5E-9F1F-43E1-B199-EB80B8E22941}.Debug|x64.ActiveCfg = Debug|Any CPU
		{3DD4BA5E-9F1F-43E1-B199-EB80B8E22941}.Debug|x64.Build.0 = Debug|Any CPU
		{3DD4BA5E-9F1F-43E1-B199-EB80B8E22941}.Debug|x86.ActiveCfg = Debug|Any CPU
		{3DD4BA5E-9F1F-43E1-B199-EB80B8E22941}.Debug|x86.Build.0 = Debug|Any CPU
		{3DD4BA5E-9F1F-43E1-B199-EB80B8E22941}.Release|Any CPU.ActiveCfg = Release|Any CPU
		{3DD4BA5E-9F1F-43E1-B199-EB80B8E22941}.Release|Any CPU.Build.0 = Release|Any CPU
		{3DD4BA5E-9F1F-43E1-B199-EB80B8E22941}.Release|x64.ActiveCfg = Release|Any CPU
		{3DD4BA5E-9F1F-43E1-B199-EB80B8E22941}.Release|x64.Build.0 = Release|Any CPU
		{3DD4BA5E-9F1F-43E1-B199-EB80B8E22941}.Release|x86.ActiveCfg = Release|Any CPU
		{3DD4BA5E-9F1F-43E1-B199-EB80B8E22941}.Release|x86.Build.0 = Release|Any CPU
		{8D336B4E-5541-4F2B-BA62-C6E9BED7F05B}.Debug|Any CPU.ActiveCfg = Debug|Any CPU
		{8D336B4E-5541-4F2B-BA62-C6E9BED7F05B}.Debug|Any CPU.Build.0 = Debug|Any CPU
		{8D336B4E-5541-4F2B-BA62-C6E9BED7F05B}.Debug|x64.ActiveCfg = Debug|Any CPU
		{8D336B4E-5541-4F2B-BA62-C6E9BED7F05B}.Debug|x64.Build.0 = Debug|Any CPU
		{8D336B4E-5541-4F2B-BA62-C6E9BED7F05B}.Debug|x86.ActiveCfg = Debug|Any CPU
		{8D336B4E-5541-4F2B-BA62-C6E9BED7F05B}.Debug|x86.Build.0 = Debug|Any CPU
		{8D336B4E-5541-4F2B-BA62-C6E9BED7F05B}.Release|Any CPU.ActiveCfg = Release|Any CPU
		{8D336B4E-5541-4F2B-BA62-C6E9BED7F05B}.Release|Any CPU.Build.0 = Release|Any CPU
		{8D336B4E-5541-4F2B-BA62-C6E9BED7F05B}.Release|x64.ActiveCfg = Release|Any CPU
		{8D336B4E-5541-4F2B-BA62-C6E9BED7F05B}.Release|x64.Build.0 = Release|Any CPU
		{8D336B4E-5541-4F2B-BA62-C6E9BED7F05B}.Release|x86.ActiveCfg = Release|Any CPU
		{8D336B4E-5541-4F2B-BA62-C6E9BED7F05B}.Release|x86.Build.0 = Release|Any CPU
	EndGlobalSection
	GlobalSection(SolutionProperties) = preSolution
		HideSolutionNode = FALSE
	EndGlobalSection
	GlobalSection(ExtensibilityGlobals) = postSolution
		SolutionGuid = {B77A32D5-F522-4B11-8898-75FA098B6661}
	EndGlobalSection
EndGlobal
